
Microsoft Visual Studio Solution File, Format Version 12.00
Project("{2150E333-8FDC-42A3-9474-1A3956D46DE8}") = "API", "API", "{94EBBFED-6A51-4C19-BC0A-A067A31FD2F0}"
EndProject
Project("{2150E333-8FDC-42A3-9474-1A3956D46DE8}") = "Infrastructure", "Infrastructure", "{96A2BE15-A18F-4A2A-B345-02C0DD376E6C}"
EndProject
Project("{FAE04EC0-301F-11D3-BF4B-00C04F79EFBC}") = "BPDotNet.API", "BPDotNet.API\BPDotNet.API.csproj", "{A87C38E5-1BBE-4CDA-8BEC-68508AA7C97B}"
EndProject
Project("{2150E333-8FDC-42A3-9474-1A3956D46DE8}") = "Application", "Application", "{559F885D-CB96-430F-AD6A-0E3201A25C43}"
EndProject
Project("{FAE04EC0-301F-11D3-BF4B-00C04F79EFBC}") = "BPDotNet.Application", "BPDotNet.Application\BPDotNet.Application.csproj", "{E0D697DC-53CA-48B5-BC37-6917DD79E560}"
EndProject
Project("{2150E333-8FDC-42A3-9474-1A3956D46DE8}") = "Core", "Core", "{9BEC2C25-1B94-41CA-8C04-BE6E237349B6}"
EndProject
Project("{FAE04EC0-301F-11D3-BF4B-00C04F79EFBC}") = "BPDotNet.Core", "BPDotNet.Core\BPDotNet.Core.csproj", "{6C054EF4-EA0A-4513-8BBA-605059ECE00C}"
EndProject
Project("{2150E333-8FDC-42A3-9474-1A3956D46DE8}") = "Scripts", "Scripts", "{BC95A150-D8BB-4223-9D39-C9E44E4179C0}"
EndProject
Project("{FAE04EC0-301F-11D3-BF4B-00C04F79EFBC}") = "BPDotNet.Scripts", "BPDotNet.Scripts\BPDotNet.Scripts.csproj", "{F68A2DBA-6DAD-4715-BDCE-CCA456C8DF36}"
EndProject
Project("{2150E333-8FDC-42A3-9474-1A3956D46DE8}") = "Data", "Data", "{CD0EB187-2607-4F51-A2C5-0EF07EB2D5CC}"
EndProject
Project("{2150E333-8FDC-42A3-9474-1A3956D46DE8}") = "CrossCutting", "CrossCutting", "{697BD785-C149-4E5D-8E21-5F67A62AEA82}"
EndProject
Project("{2150E333-8FDC-42A3-9474-1A3956D46DE8}") = "CloudServices", "CloudServices", "{744CB039-1658-4A73-A175-9AF9193282FC}"
EndProject
Project("{FAE04EC0-301F-11D3-BF4B-00C04F79EFBC}") = "BPDotNet.Data", "BPDotNet.Data\BPDotNet.Data.csproj", "{9C92C5DB-F1DD-4863-B739-8F882D092F70}"
EndProject
Project("{FAE04EC0-301F-11D3-BF4B-00C04F79EFBC}") = "BPDotNet.IoC", "BPDotNet.IoC\BPDotNet.IoC.csproj", "{63BC9A06-DD93-4927-B2C7-1B7D7D9111A3}"
EndProject
Project("{FAE04EC0-301F-11D3-BF4B-00C04F79EFBC}") = "BPDotNet.Cloud", "BPDotNet.Cloud\BPDotNet.Cloud.csproj", "{33DBB572-F784-4CEC-8CDE-81D9EF298F68}"
EndProject
Global
	GlobalSection(SolutionConfigurationPlatforms) = preSolution
		Debug|Any CPU = Debug|Any CPU
		Release|Any CPU = Release|Any CPU
	EndGlobalSection
	GlobalSection(NestedProjects) = preSolution
		{A87C38E5-1BBE-4CDA-8BEC-68508AA7C97B} = {94EBBFED-6A51-4C19-BC0A-A067A31FD2F0}
		{E0D697DC-53CA-48B5-BC37-6917DD79E560} = {559F885D-CB96-430F-AD6A-0E3201A25C43}
		{6C054EF4-EA0A-4513-8BBA-605059ECE00C} = {9BEC2C25-1B94-41CA-8C04-BE6E237349B6}
		{F68A2DBA-6DAD-4715-BDCE-CCA456C8DF36} = {BC95A150-D8BB-4223-9D39-C9E44E4179C0}
		{CD0EB187-2607-4F51-A2C5-0EF07EB2D5CC} = {96A2BE15-A18F-4A2A-B345-02C0DD376E6C}
		{697BD785-C149-4E5D-8E21-5F67A62AEA82} = {96A2BE15-A18F-4A2A-B345-02C0DD376E6C}
		{744CB039-1658-4A73-A175-9AF9193282FC} = {96A2BE15-A18F-4A2A-B345-02C0DD376E6C}
		{9C92C5DB-F1DD-4863-B739-8F882D092F70} = {CD0EB187-2607-4F51-A2C5-0EF07EB2D5CC}
		{63BC9A06-DD93-4927-B2C7-1B7D7D9111A3} = {697BD785-C149-4E5D-8E21-5F67A62AEA82}
		{33DBB572-F784-4CEC-8CDE-81D9EF298F68} = {744CB039-1658-4A73-A175-9AF9193282FC}
	EndGlobalSection
	GlobalSection(ProjectConfigurationPlatforms) = postSolution
		{A87C38E5-1BBE-4CDA-8BEC-68508AA7C97B}.Debug|Any CPU.ActiveCfg = Debug|Any CPU
		{A87C38E5-1BBE-4CDA-8BEC-68508AA7C97B}.Debug|Any CPU.Build.0 = Debug|Any CPU
		{A87C38E5-1BBE-4CDA-8BEC-68508AA7C97B}.Release|Any CPU.ActiveCfg = Release|Any CPU
		{A87C38E5-1BBE-4CDA-8BEC-68508AA7C97B}.Release|Any CPU.Build.0 = Release|Any CPU
		{E0D697DC-53CA-48B5-BC37-6917DD79E560}.Debug|Any CPU.ActiveCfg = Debug|Any CPU
		{E0D697DC-53CA-48B5-BC37-6917DD79E560}.Debug|Any CPU.Build.0 = Debug|Any CPU
		{E0D697DC-53CA-48B5-BC37-6917DD79E560}.Release|Any CPU.ActiveCfg = Release|Any CPU
		{E0D697DC-53CA-48B5-BC37-6917DD79E560}.Release|Any CPU.Build.0 = Release|Any CPU
		{6C054EF4-EA0A-4513-8BBA-605059ECE00C}.Debug|Any CPU.ActiveCfg = Debug|Any CPU
		{6C054EF4-EA0A-4513-8BBA-605059ECE00C}.Debug|Any CPU.Build.0 = Debug|Any CPU
		{6C054EF4-EA0A-4513-8BBA-605059ECE00C}.Release|Any CPU.ActiveCfg = Release|Any CPU
		{6C054EF4-EA0A-4513-8BBA-605059ECE00C}.Release|Any CPU.Build.0 = Release|Any CPU
		{F68A2DBA-6DAD-4715-BDCE-CCA456C8DF36}.Debug|Any CPU.ActiveCfg = Debug|Any CPU
		{F68A2DBA-6DAD-4715-BDCE-CCA456C8DF36}.Debug|Any CPU.Build.0 = Debug|Any CPU
		{F68A2DBA-6DAD-4715-BDCE-CCA456C8DF36}.Release|Any CPU.ActiveCfg = Release|Any CPU
		{F68A2DBA-6DAD-4715-BDCE-CCA456C8DF36}.Release|Any CPU.Build.0 = Release|Any CPU
		{9C92C5DB-F1DD-4863-B739-8F882D092F70}.Debug|Any CPU.ActiveCfg = Debug|Any CPU
		{9C92C5DB-F1DD-4863-B739-8F882D092F70}.Debug|Any CPU.Build.0 = Debug|Any CPU
		{9C92C5DB-F1DD-4863-B739-8F882D092F70}.Release|Any CPU.ActiveCfg = Release|Any CPU
		{9C92C5DB-F1DD-4863-B739-8F882D092F70}.Release|Any CPU.Build.0 = Release|Any CPU
		{63BC9A06-DD93-4927-B2C7-1B7D7D9111A3}.Debug|Any CPU.ActiveCfg = Debug|Any CPU
		{63BC9A06-DD93-4927-B2C7-1B7D7D9111A3}.Debug|Any CPU.Build.0 = Debug|Any CPU
		{63BC9A06-DD93-4927-B2C7-1B7D7D9111A3}.Release|Any CPU.ActiveCfg = Release|Any CPU
		{63BC9A06-DD93-4927-B2C7-1B7D7D9111A3}.Release|Any CPU.Build.0 = Release|Any CPU
		{33DBB572-F784-4CEC-8CDE-81D9EF298F68}.Debug|Any CPU.ActiveCfg = Debug|Any CPU
		{33DBB572-F784-4CEC-8CDE-81D9EF298F68}.Debug|Any CPU.Build.0 = Debug|Any CPU
		{33DBB572-F784-4CEC-8CDE-81D9EF298F68}.Release|Any CPU.ActiveCfg = Release|Any CPU
		{33DBB572-F784-4CEC-8CDE-81D9EF298F68}.Release|Any CPU.Build.0 = Release|Any CPU
	EndGlobalSection
EndGlobal
