
Microsoft Visual Studio Solution File, Format Version 12.00
Project("{2150E333-8FDC-42A3-9474-1A3956D46DE8}") = "API", "API", "{94EBBFED-6A51-4C19-BC0A-A067A31FD2F0}"
EndProject
Project("{2150E333-8FDC-42A3-9474-1A3956D46DE8}") = "Infrastructure", "Infrastructure", "{96A2BE15-A18F-4A2A-B345-02C0DD376E6C}"
EndProject
Project("{FAE04EC0-301F-11D3-BF4B-00C04F79EFBC}") = "BPDotNet.API", "BPDotNet.API\BPDotNet.API.csproj", "{A87C38E5-1BBE-4CDA-8BEC-68508AA7C97B}"
EndProject
Project("{2150E333-8FDC-42A3-9474-1A3956D46DE8}") = "Application", "Application", "{559F885D-CB96-430F-AD6A-0E3201A25C43}"
EndProject
Project("{FAE04EC0-301F-11D3-BF4B-00C04F79EFBC}") = "BPDotNet.Application", "BPDotNet.Application\BPDotNet.Application.csproj", "{E0D697DC-53CA-48B5-BC37-6917DD79E560}"
EndProject
Project("{FAE04EC0-301F-11D3-BF4B-00C04F79EFBC}") = "BPDotNet.Infrastructure", "BPDotNet.Infrastructure\BPDotNet.Infrastructure.csproj", "{0B0A0559-4D87-4053-B09C-7C0EC7A2F94A}"
EndProject
Project("{2150E333-8FDC-42A3-9474-1A3956D46DE8}") = "Core", "Core", "{9BEC2C25-1B94-41CA-8C04-BE6E237349B6}"
EndProject
Project("{FAE04EC0-301F-11D3-BF4B-00C04F79EFBC}") = "BPDotNet.Core", "BPDotNet.Core\BPDotNet.Core.csproj", "{6C054EF4-EA0A-4513-8BBA-605059ECE00C}"
EndProject
Global
	GlobalSection(SolutionConfigurationPlatforms) = preSolution
		Debug|Any CPU = Debug|Any CPU
		Release|Any CPU = Release|Any CPU
	EndGlobalSection
	GlobalSection(NestedProjects) = preSolution
		{A87C38E5-1BBE-4CDA-8BEC-68508AA7C97B} = {94EBBFED-6A51-4C19-BC0A-A067A31FD2F0}
		{E0D697DC-53CA-48B5-BC37-6917DD79E560} = {559F885D-CB96-430F-AD6A-0E3201A25C43}
		{0B0A0559-4D87-4053-B09C-7C0EC7A2F94A} = {96A2BE15-A18F-4A2A-B345-02C0DD376E6C}
		{6C054EF4-EA0A-4513-8BBA-605059ECE00C} = {9BEC2C25-1B94-41CA-8C04-BE6E237349B6}
	EndGlobalSection
	GlobalSection(ProjectConfigurationPlatforms) = postSolution
		{A87C38E5-1BBE-4CDA-8BEC-68508AA7C97B}.Debug|Any CPU.ActiveCfg = Debug|Any CPU
		{A87C38E5-1BBE-4CDA-8BEC-68508AA7C97B}.Debug|Any CPU.Build.0 = Debug|Any CPU
		{A87C38E5-1BBE-4CDA-8BEC-68508AA7C97B}.Release|Any CPU.ActiveCfg = Release|Any CPU
		{A87C38E5-1BBE-4CDA-8BEC-68508AA7C97B}.Release|Any CPU.Build.0 = Release|Any CPU
		{E0D697DC-53CA-48B5-BC37-6917DD79E560}.Debug|Any CPU.ActiveCfg = Debug|Any CPU
		{E0D697DC-53CA-48B5-BC37-6917DD79E560}.Debug|Any CPU.Build.0 = Debug|Any CPU
		{E0D697DC-53CA-48B5-BC37-6917DD79E560}.Release|Any CPU.ActiveCfg = Release|Any CPU
		{E0D697DC-53CA-48B5-BC37-6917DD79E560}.Release|Any CPU.Build.0 = Release|Any CPU
		{0B0A0559-4D87-4053-B09C-7C0EC7A2F94A}.Debug|Any CPU.ActiveCfg = Debug|Any CPU
		{0B0A0559-4D87-4053-B09C-7C0EC7A2F94A}.Debug|Any CPU.Build.0 = Debug|Any CPU
		{0B0A0559-4D87-4053-B09C-7C0EC7A2F94A}.Release|Any CPU.ActiveCfg = Release|Any CPU
		{0B0A0559-4D87-4053-B09C-7C0EC7A2F94A}.Release|Any CPU.Build.0 = Release|Any CPU
		{6C054EF4-EA0A-4513-8BBA-605059ECE00C}.Debug|Any CPU.ActiveCfg = Debug|Any CPU
		{6C054EF4-EA0A-4513-8BBA-605059ECE00C}.Debug|Any CPU.Build.0 = Debug|Any CPU
		{6C054EF4-EA0A-4513-8BBA-605059ECE00C}.Release|Any CPU.ActiveCfg = Release|Any CPU
		{6C054EF4-EA0A-4513-8BBA-605059ECE00C}.Release|Any CPU.Build.0 = Release|Any CPU
	EndGlobalSection
EndGlobal
